
Microsoft Visual Studio Solution File, Format Version 12.00
# Visual Studio Version 17
VisualStudioVersion = 17.14.36705.20 d17.14
MinimumVisualStudioVersion = 10.0.40219.1
Project("{FAE04EC0-301F-11D3-BF4B-00C04F79EFBC}") = "FileMethods1", "FileMethods1.csproj", "{EA0DAE32-C69D-41A7-BAF9-43C51A6F887F}"
EndProject
Global
	GlobalSection(SolutionConfigurationPlatforms) = preSolution
		Debug|Any CPU = Debug|Any CPU
		Release|Any CPU = Release|Any CPU
	EndGlobalSection
	GlobalSection(ProjectConfigurationPlatforms) = postSolution
		{EA0DAE32-C69D-41A7-BAF9-43C51A6F887F}.Debug|Any CPU.ActiveCfg = Debug|Any CPU
		{EA0DAE32-C69D-41A7-BAF9-43C51A6F887F}.Debug|Any CPU.Build.0 = Debug|Any CPU
		{EA0DAE32-C69D-41A7-BAF9-43C51A6F887F}.Release|Any CPU.ActiveCfg = Release|Any CPU
		{EA0DAE32-C69D-41A7-BAF9-43C51A6F887F}.Release|Any CPU.Build.0 = Release|Any CPU
	EndGlobalSection
	GlobalSection(SolutionProperties) = preSolution
		HideSolutionNode = FALSE
	EndGlobalSection
	GlobalSection(ExtensibilityGlobals) = postSolution
		SolutionGuid = {2DEA13A7-9A6D-41EE-BFD5-A81179B1C9D3}
	EndGlobalSection
EndGlobal
