
Microsoft Visual Studio Solution File, Format Version 12.00
# Visual Studio Version 17
VisualStudioVersion = 17.14.36705.20 d17.14
MinimumVisualStudioVersion = 10.0.40219.1
Project("{FAE04EC0-301F-11D3-BF4B-00C04F79EFBC}") = "Meetod1", "Meetod1.csproj", "{127BF331-F29F-4BB6-BDB4-8C9C328B0215}"
EndProject
Global
	GlobalSection(SolutionConfigurationPlatforms) = preSolution
		Debug|Any CPU = Debug|Any CPU
		Release|Any CPU = Release|Any CPU
	EndGlobalSection
	GlobalSection(ProjectConfigurationPlatforms) = postSolution
		{127BF331-F29F-4BB6-BDB4-8C9C328B0215}.Debug|Any CPU.ActiveCfg = Debug|Any CPU
		{127BF331-F29F-4BB6-BDB4-8C9C328B0215}.Debug|Any CPU.Build.0 = Debug|Any CPU
		{127BF331-F29F-4BB6-BDB4-8C9C328B0215}.Release|Any CPU.ActiveCfg = Release|Any CPU
		{127BF331-F29F-4BB6-BDB4-8C9C328B0215}.Release|Any CPU.Build.0 = Release|Any CPU
	EndGlobalSection
	GlobalSection(SolutionProperties) = preSolution
		HideSolutionNode = FALSE
	EndGlobalSection
	GlobalSection(ExtensibilityGlobals) = postSolution
		SolutionGuid = {53A7284F-9789-49FA-8565-261C8EC2768A}
	EndGlobalSection
EndGlobal
